// !$*UTF8*$!
{
	archiveVersion = 1;
	classes = {
	};
	objectVersion = 46;
	objects = {

/* Begin PBXBuildFile section */
		25B1CEA618BEB11400963590 /* Foundation.framework in Frameworks */ = {isa = PBXBuildFile; fileRef = 25B1CEA518BEB11400963590 /* Foundation.framework */; };
		25B1CEA818BEB11400963590 /* CoreGraphics.framework in Frameworks */ = {isa = PBXBuildFile; fileRef = 25B1CEA718BEB11400963590 /* CoreGraphics.framework */; };
		25B1CEAA18BEB11400963590 /* UIKit.framework in Frameworks */ = {isa = PBXBuildFile; fileRef = 25B1CEA918BEB11400963590 /* UIKit.framework */; };
		25B1CEB018BEB11400963590 /* InfoPlist.strings in Resources */ = {isa = PBXBuildFile; fileRef = 25B1CEAE18BEB11400963590 /* InfoPlist.strings */; };
		25B1CEB218BEB11400963590 /* main.m in Sources */ = {isa = PBXBuildFile; fileRef = 25B1CEB118BEB11400963590 /* main.m */; };
		25B1CEB618BEB11400963590 /* JJAppDelegate.m in Sources */ = {isa = PBXBuildFile; fileRef = 25B1CEB518BEB11400963590 /* JJAppDelegate.m */; };
		25B1CEB918BEB11400963590 /* Main.storyboard in Resources */ = {isa = PBXBuildFile; fileRef = 25B1CEB718BEB11400963590 /* Main.storyboard */; };
		25B1CEBC18BEB11400963590 /* JJViewController.m in Sources */ = {isa = PBXBuildFile; fileRef = 25B1CEBB18BEB11400963590 /* JJViewController.m */; };
		25B1CEBE18BEB11400963590 /* Images.xcassets in Resources */ = {isa = PBXBuildFile; fileRef = 25B1CEBD18BEB11400963590 /* Images.xcassets */; };
		25B1CEC518BEB11400963590 /* XCTest.framework in Frameworks */ = {isa = PBXBuildFile; fileRef = 25B1CEC418BEB11400963590 /* XCTest.framework */; };
		25B1CEC618BEB11400963590 /* Foundation.framework in Frameworks */ = {isa = PBXBuildFile; fileRef = 25B1CEA518BEB11400963590 /* Foundation.framework */; };
		25B1CEC718BEB11400963590 /* UIKit.framework in Frameworks */ = {isa = PBXBuildFile; fileRef = 25B1CEA918BEB11400963590 /* UIKit.framework */; };
		25B1CECF18BEB11400963590 /* InfoPlist.strings in Resources */ = {isa = PBXBuildFile; fileRef = 25B1CECD18BEB11400963590 /* InfoPlist.strings */; };
		25B1CED118BEB11400963590 /* Car_TypesTests.m in Sources */ = {isa = PBXBuildFile; fileRef = 25B1CED018BEB11400963590 /* Car_TypesTests.m */; };
		25B1CEDC18BEB1BC00963590 /* LC.m in Sources */ = {isa = PBXBuildFile; fileRef = 25B1CEDB18BEB1BC00963590 /* LC.m */; };
		25B1CEE118BEB31900963590 /* Maserati.jpeg in Resources */ = {isa = PBXBuildFile; fileRef = 25B1CEDD18BEB31900963590 /* Maserati.jpeg */; };
		25B1CEE218BEB31900963590 /* Mustang.jpg in Resources */ = {isa = PBXBuildFile; fileRef = 25B1CEDE18BEB31900963590 /* Mustang.jpg */; };
		25B1CEE418BEB31900963590 /* tesla.jpg in Resources */ = {isa = PBXBuildFile; fileRef = 25B1CEE018BEB31900963590 /* tesla.jpg */; };
		25B1CEE618BEB98600963590 /* porsche.jpg in Resources */ = {isa = PBXBuildFile; fileRef = 25B1CEE518BEB98600963590 /* porsche.jpg */; };
/* End PBXBuildFile section */

/* Begin PBXContainerItemProxy section */
		25B1CEC818BEB11400963590 /* PBXContainerItemProxy */ = {
			isa = PBXContainerItemProxy;
			containerPortal = 25B1CE9A18BEB11400963590 /* Project object */;
			proxyType = 1;
			remoteGlobalIDString = 25B1CEA118BEB11400963590;
			remoteInfo = "Car Types";
		};
/* End PBXContainerItemProxy section */

/* Begin PBXFileReference section */
		25B1CEA218BEB11400963590 /* Car Types.app */ = {isa = PBXFileReference; explicitFileType = wrapper.application; includeInIndex = 0; path = "Car Types.app"; sourceTree = BUILT_PRODUCTS_DIR; };
		25B1CEA518BEB11400963590 /* Foundation.framework */ = {isa = PBXFileReference; lastKnownFileType = wrapper.framework; name = Foundation.framework; path = System/Library/Frameworks/Foundation.framework; sourceTree = SDKROOT; };
		25B1CEA718BEB11400963590 /* CoreGraphics.framework */ = {isa = PBXFileReference; lastKnownFileType = wrapper.framework; name = CoreGraphics.framework; path = System/Library/Frameworks/CoreGraphics.framework; sourceTree = SDKROOT; };
		25B1CEA918BEB11400963590 /* UIKit.framework */ = {isa = PBXFileReference; lastKnownFileType = wrapper.framework; name = UIKit.framework; path = System/Library/Frameworks/UIKit.framework; sourceTree = SDKROOT; };
		25B1CEAD18BEB11400963590 /* Car Types-Info.plist */ = {isa = PBXFileReference; lastKnownFileType = text.plist.xml; path = "Car Types-Info.plist"; sourceTree = "<group>"; };
		25B1CEAF18BEB11400963590 /* en */ = {isa = PBXFileReference; lastKnownFileType = text.plist.strings; name = en; path = en.lproj/InfoPlist.strings; sourceTree = "<group>"; };
		25B1CEB118BEB11400963590 /* main.m */ = {isa = PBXFileReference; lastKnownFileType = sourcecode.c.objc; path = main.m; sourceTree = "<group>"; };
		25B1CEB318BEB11400963590 /* Car Types-Prefix.pch */ = {isa = PBXFileReference; lastKnownFileType = sourcecode.c.h; path = "Car Types-Prefix.pch"; sourceTree = "<group>"; };
		25B1CEB418BEB11400963590 /* JJAppDelegate.h */ = {isa = PBXFileReference; lastKnownFileType = sourcecode.c.h; path = JJAppDelegate.h; sourceTree = "<group>"; };
		25B1CEB518BEB11400963590 /* JJAppDelegate.m */ = {isa = PBXFileReference; lastKnownFileType = sourcecode.c.objc; path = JJAppDelegate.m; sourceTree = "<group>"; };
		25B1CEB818BEB11400963590 /* Base */ = {isa = PBXFileReference; lastKnownFileType = file.storyboard; name = Base; path = Base.lproj/Main.storyboard; sourceTree = "<group>"; };
		25B1CEBA18BEB11400963590 /* JJViewController.h */ = {isa = PBXFileReference; lastKnownFileType = sourcecode.c.h; path = JJViewController.h; sourceTree = "<group>"; };
		25B1CEBB18BEB11400963590 /* JJViewController.m */ = {isa = PBXFileReference; lastKnownFileType = sourcecode.c.objc; path = JJViewController.m; sourceTree = "<group>"; };
		25B1CEBD18BEB11400963590 /* Images.xcassets */ = {isa = PBXFileReference; lastKnownFileType = folder.assetcatalog; path = Images.xcassets; sourceTree = "<group>"; };
		25B1CEC318BEB11400963590 /* Car TypesTests.xctest */ = {isa = PBXFileReference; explicitFileType = wrapper.cfbundle; includeInIndex = 0; path = "Car TypesTests.xctest"; sourceTree = BUILT_PRODUCTS_DIR; };
		25B1CEC418BEB11400963590 /* XCTest.framework */ = {isa = PBXFileReference; lastKnownFileType = wrapper.framework; name = XCTest.framework; path = Library/Frameworks/XCTest.framework; sourceTree = DEVELOPER_DIR; };
		25B1CECC18BEB11400963590 /* Car TypesTests-Info.plist */ = {isa = PBXFileReference; lastKnownFileType = text.plist.xml; path = "Car TypesTests-Info.plist"; sourceTree = "<group>"; };
		25B1CECE18BEB11400963590 /* en */ = {isa = PBXFileReference; lastKnownFileType = text.plist.strings; name = en; path = en.lproj/InfoPlist.strings; sourceTree = "<group>"; };
		25B1CED018BEB11400963590 /* Car_TypesTests.m */ = {isa = PBXFileReference; lastKnownFileType = sourcecode.c.objc; path = Car_TypesTests.m; sourceTree = "<group>"; };
		25B1CEDA18BEB1BC00963590 /* LC.h */ = {isa = PBXFileReference; fileEncoding = 4; lastKnownFileType = sourcecode.c.h; path = LC.h; sourceTree = "<group>"; };
		25B1CEDB18BEB1BC00963590 /* LC.m */ = {isa = PBXFileReference; fileEncoding = 4; lastKnownFileType = sourcecode.c.objc; path = LC.m; sourceTree = "<group>"; };
		25B1CEDD18BEB31900963590 /* Maserati.jpeg */ = {isa = PBXFileReference; lastKnownFileType = image.jpeg; path = Maserati.jpeg; sourceTree = "<group>"; };
		25B1CEDE18BEB31900963590 /* Mustang.jpg */ = {isa = PBXFileReference; lastKnownFileType = image.jpeg; path = Mustang.jpg; sourceTree = "<group>"; };
		25B1CEE018BEB31900963590 /* tesla.jpg */ = {isa = PBXFileReference; lastKnownFileType = image.jpeg; path = tesla.jpg; sourceTree = "<group>"; };
		25B1CEE518BEB98600963590 /* porsche.jpg */ = {isa = PBXFileReference; lastKnownFileType = image.jpeg; path = porsche.jpg; sourceTree = "<group>"; };
/* End PBXFileReference section */

/* Begin PBXFrameworksBuildPhase section */
		25B1CE9F18BEB11400963590 /* Frameworks */ = {
			isa = PBXFrameworksBuildPhase;
			buildActionMask = 2147483647;
			files = (
				25B1CEA818BEB11400963590 /* CoreGraphics.framework in Frameworks */,
				25B1CEAA18BEB11400963590 /* UIKit.framework in Frameworks */,
				25B1CEA618BEB11400963590 /* Foundation.framework in Frameworks */,
			);
			runOnlyForDeploymentPostprocessing = 0;
		};
		25B1CEC018BEB11400963590 /* Frameworks */ = {
			isa = PBXFrameworksBuildPhase;
			buildActionMask = 2147483647;
			files = (
				25B1CEC518BEB11400963590 /* XCTest.framework in Frameworks */,
				25B1CEC718BEB11400963590 /* UIKit.framework in Frameworks */,
				25B1CEC618BEB11400963590 /* Foundation.framework in Frameworks */,
			);
			runOnlyForDeploymentPostprocessing = 0;
		};
/* End PBXFrameworksBuildPhase section */

/* Begin PBXGroup section */
		25B1CE9918BEB11400963590 = {
			isa = PBXGroup;
			children = (
				25B1CEAB18BEB11400963590 /* Car Types */,
				25B1CECA18BEB11400963590 /* Car TypesTests */,
				25B1CEA418BEB11400963590 /* Frameworks */,
				25B1CEA318BEB11400963590 /* Products */,
			);
			sourceTree = "<group>";
		};
		25B1CEA318BEB11400963590 /* Products */ = {
			isa = PBXGroup;
			children = (
				25B1CEA218BEB11400963590 /* Car Types.app */,
				25B1CEC318BEB11400963590 /* Car TypesTests.xctest */,
			);
			name = Products;
			sourceTree = "<group>";
		};
		25B1CEA418BEB11400963590 /* Frameworks */ = {
			isa = PBXGroup;
			children = (
				25B1CEA518BEB11400963590 /* Foundation.framework */,
				25B1CEA718BEB11400963590 /* CoreGraphics.framework */,
				25B1CEA918BEB11400963590 /* UIKit.framework */,
				25B1CEC418BEB11400963590 /* XCTest.framework */,
			);
			name = Frameworks;
			sourceTree = "<group>";
		};
		25B1CEAB18BEB11400963590 /* Car Types */ = {
			isa = PBXGroup;
			children = (
				25B1CEB418BEB11400963590 /* JJAppDelegate.h */,
				25B1CEB518BEB11400963590 /* JJAppDelegate.m */,
				25B1CEB718BEB11400963590 /* Main.storyboard */,
				25B1CEDA18BEB1BC00963590 /* LC.h */,
				25B1CEDB18BEB1BC00963590 /* LC.m */,
				25B1CEBA18BEB11400963590 /* JJViewController.h */,
				25B1CEBB18BEB11400963590 /* JJViewController.m */,
				25B1CEBD18BEB11400963590 /* Images.xcassets */,
				25B1CEAC18BEB11400963590 /* Supporting Files */,
			);
			path = "Car Types";
			sourceTree = "<group>";
		};
		25B1CEAC18BEB11400963590 /* Supporting Files */ = {
			isa = PBXGroup;
			children = (
				25B1CEE518BEB98600963590 /* porsche.jpg */,
				25B1CEDD18BEB31900963590 /* Maserati.jpeg */,
				25B1CEDE18BEB31900963590 /* Mustang.jpg */,
				25B1CEE018BEB31900963590 /* tesla.jpg */,
				25B1CEAD18BEB11400963590 /* Car Types-Info.plist */,
				25B1CEAE18BEB11400963590 /* InfoPlist.strings */,
				25B1CEB118BEB11400963590 /* main.m */,
				25B1CEB318BEB11400963590 /* Car Types-Prefix.pch */,
			);
			name = "Supporting Files";
			sourceTree = "<group>";
		};
		25B1CECA18BEB11400963590 /* Car TypesTests */ = {
			isa = PBXGroup;
			children = (
				25B1CED018BEB11400963590 /* Car_TypesTests.m */,
				25B1CECB18BEB11400963590 /* Supporting Files */,
			);
			path = "Car TypesTests";
			sourceTree = "<group>";
		};
		25B1CECB18BEB11400963590 /* Supporting Files */ = {
			isa = PBXGroup;
			children = (
				25B1CECC18BEB11400963590 /* Car TypesTests-Info.plist */,
				25B1CECD18BEB11400963590 /* InfoPlist.strings */,
			);
			name = "Supporting Files";
			sourceTree = "<group>";
		};
/* End PBXGroup section */

/* Begin PBXNativeTarget section */
		25B1CEA118BEB11400963590 /* Car Types */ = {
			isa = PBXNativeTarget;
			buildConfigurationList = 25B1CED418BEB11400963590 /* Build configuration list for PBXNativeTarget "Car Types" */;
			buildPhases = (
				25B1CE9E18BEB11400963590 /* Sources */,
				25B1CE9F18BEB11400963590 /* Frameworks */,
				25B1CEA018BEB11400963590 /* Resources */,
			);
			buildRules = (
			);
			dependencies = (
			);
			name = "Car Types";
			productName = "Car Types";
			productReference = 25B1CEA218BEB11400963590 /* Car Types.app */;
			productType = "com.apple.product-type.application";
		};
		25B1CEC218BEB11400963590 /* Car TypesTests */ = {
			isa = PBXNativeTarget;
			buildConfigurationList = 25B1CED718BEB11400963590 /* Build configuration list for PBXNativeTarget "Car TypesTests" */;
			buildPhases = (
				25B1CEBF18BEB11400963590 /* Sources */,
				25B1CEC018BEB11400963590 /* Frameworks */,
				25B1CEC118BEB11400963590 /* Resources */,
			);
			buildRules = (
			);
			dependencies = (
				25B1CEC918BEB11400963590 /* PBXTargetDependency */,
			);
			name = "Car TypesTests";
			productName = "Car TypesTests";
			productReference = 25B1CEC318BEB11400963590 /* Car TypesTests.xctest */;
			productType = "com.apple.product-type.bundle.unit-test";
		};
/* End PBXNativeTarget section */

/* Begin PBXProject section */
		25B1CE9A18BEB11400963590 /* Project object */ = {
			isa = PBXProject;
			attributes = {
				CLASSPREFIX = JJ;
				LastUpgradeCheck = 0500;
				ORGANIZATIONNAME = "Jeff Gayle";
				TargetAttributes = {
					25B1CEC218BEB11400963590 = {
						TestTargetID = 25B1CEA118BEB11400963590;
					};
				};
			};
			buildConfigurationList = 25B1CE9D18BEB11400963590 /* Build configuration list for PBXProject "Car Types" */;
			compatibilityVersion = "Xcode 3.2";
			developmentRegion = English;
			hasScannedForEncodings = 0;
			knownRegions = (
				en,
				Base,
			);
			mainGroup = 25B1CE9918BEB11400963590;
			productRefGroup = 25B1CEA318BEB11400963590 /* Products */;
			projectDirPath = "";
			projectRoot = "";
			targets = (
				25B1CEA118BEB11400963590 /* Car Types */,
				25B1CEC218BEB11400963590 /* Car TypesTests */,
			);
		};
/* End PBXProject section */

/* Begin PBXResourcesBuildPhase section */
		25B1CEA018BEB11400963590 /* Resources */ = {
			isa = PBXResourcesBuildPhase;
			buildActionMask = 2147483647;
			files = (
				25B1CEE618BEB98600963590 /* porsche.jpg in Resources */,
				25B1CEE418BEB31900963590 /* tesla.jpg in Resources */,
				25B1CEBE18BEB11400963590 /* Images.xcassets in Resources */,
				25B1CEE218BEB31900963590 /* Mustang.jpg in Resources */,
				25B1CEB018BEB11400963590 /* InfoPlist.strings in Resources */,
				25B1CEB918BEB11400963590 /* Main.storyboard in Resources */,
				25B1CEE118BEB31900963590 /* Maserati.jpeg in Resources */,
			);
			runOnlyForDeploymentPostprocessing = 0;
		};
		25B1CEC118BEB11400963590 /* Resources */ = {
			isa = PBXResourcesBuildPhase;
			buildActionMask = 2147483647;
			files = (
				25B1CECF18BEB11400963590 /* InfoPlist.strings in Resources */,
			);
			runOnlyForDeploymentPostprocessing = 0;
		};
/* End PBXResourcesBuildPhase section */

/* Begin PBXSourcesBuildPhase section */
		25B1CE9E18BEB11400963590 /* Sources */ = {
			isa = PBXSourcesBuildPhase;
			buildActionMask = 2147483647;
			files = (
				25B1CEB618BEB11400963590 /* JJAppDelegate.m in Sources */,
				25B1CEBC18BEB11400963590 /* JJViewController.m in Sources */,
				25B1CEDC18BEB1BC00963590 /* LC.m in Sources */,
				25B1CEB218BEB11400963590 /* main.m in Sources */,
			);
			runOnlyForDeploymentPostprocessing = 0;
		};
		25B1CEBF18BEB11400963590 /* Sources */ = {
			isa = PBXSourcesBuildPhase;
			buildActionMask = 2147483647;
			files = (
				25B1CED118BEB11400963590 /* Car_TypesTests.m in Sources */,
			);
			runOnlyForDeploymentPostprocessing = 0;
		};
/* End PBXSourcesBuildPhase section */

/* Begin PBXTargetDependency section */
		25B1CEC918BEB11400963590 /* PBXTargetDependency */ = {
			isa = PBXTargetDependency;
			target = 25B1CEA118BEB11400963590 /* Car Types */;
			targetProxy = 25B1CEC818BEB11400963590 /* PBXContainerItemProxy */;
		};
/* End PBXTargetDependency section */

/* Begin PBXVariantGroup section */
		25B1CEAE18BEB11400963590 /* InfoPlist.strings */ = {
			isa = PBXVariantGroup;
			children = (
				25B1CEAF18BEB11400963590 /* en */,
			);
			name = InfoPlist.strings;
			sourceTree = "<group>";
		};
		25B1CEB718BEB11400963590 /* Main.storyboard */ = {
			isa = PBXVariantGroup;
			children = (
				25B1CEB818BEB11400963590 /* Base */,
			);
			name = Main.storyboard;
			sourceTree = "<group>";
		};
		25B1CECD18BEB11400963590 /* InfoPlist.strings */ = {
			isa = PBXVariantGroup;
			children = (
				25B1CECE18BEB11400963590 /* en */,
			);
			name = InfoPlist.strings;
			sourceTree = "<group>";
		};
/* End PBXVariantGroup section */

/* Begin XCBuildConfiguration section */
		25B1CED218BEB11400963590 /* Debug */ = {
			isa = XCBuildConfiguration;
			buildSettings = {
				ALWAYS_SEARCH_USER_PATHS = NO;
				ARCHS = "$(ARCHS_STANDARD_INCLUDING_64_BIT)";
				CLANG_CXX_LANGUAGE_STANDARD = "gnu++0x";
				CLANG_CXX_LIBRARY = "libc++";
				CLANG_ENABLE_MODULES = YES;
				CLANG_ENABLE_OBJC_ARC = YES;
				CLANG_WARN_BOOL_CONVERSION = YES;
				CLANG_WARN_CONSTANT_CONVERSION = YES;
				CLANG_WARN_DIRECT_OBJC_ISA_USAGE = YES_ERROR;
				CLANG_WARN_EMPTY_BODY = YES;
				CLANG_WARN_ENUM_CONVERSION = YES;
				CLANG_WARN_INT_CONVERSION = YES;
				CLANG_WARN_OBJC_ROOT_CLASS = YES_ERROR;
				CLANG_WARN__DUPLICATE_METHOD_MATCH = YES;
				"CODE_SIGN_IDENTITY[sdk=iphoneos*]" = "iPhone Developer";
				COPY_PHASE_STRIP = NO;
				GCC_C_LANGUAGE_STANDARD = gnu99;
				GCC_DYNAMIC_NO_PIC = NO;
				GCC_OPTIMIZATION_LEVEL = 0;
				GCC_PREPROCESSOR_DEFINITIONS = (
					"DEBUG=1",
					"$(inherited)",
				);
				GCC_SYMBOLS_PRIVATE_EXTERN = NO;
				GCC_WARN_64_TO_32_BIT_CONVERSION = YES;
				GCC_WARN_ABOUT_RETURN_TYPE = YES_ERROR;
				GCC_WARN_UNDECLARED_SELECTOR = YES;
				GCC_WARN_UNINITIALIZED_AUTOS = YES;
				GCC_WARN_UNUSED_FUNCTION = YES;
				GCC_WARN_UNUSED_VARIABLE = YES;
				IPHONEOS_DEPLOYMENT_TARGET = 7.0;
				ONLY_ACTIVE_ARCH = YES;
				SDKROOT = iphoneos;
			};
			name = Debug;
		};
		25B1CED318BEB11400963590 /* Release */ = {
			isa = XCBuildConfiguration;
			buildSettings = {
				ALWAYS_SEARCH_USER_PATHS = NO;
				ARCHS = "$(ARCHS_STANDARD_INCLUDING_64_BIT)";
				CLANG_CXX_LANGUAGE_STANDARD = "gnu++0x";
				CLANG_CXX_LIBRARY = "libc++";
				CLANG_ENABLE_MODULES = YES;
				CLANG_ENABLE_OBJC_ARC = YES;
				CLANG_WARN_BOOL_CONVERSION = YES;
				CLANG_WARN_CONSTANT_CONVERSION = YES;
				CLANG_WARN_DIRECT_OBJC_ISA_USAGE = YES_ERROR;
				CLANG_WARN_EMPTY_BODY = YES;
				CLANG_WARN_ENUM_CONVERSION = YES;
				CLANG_WARN_INT_CONVERSION = YES;
				CLANG_WARN_OBJC_ROOT_CLASS = YES_ERROR;
				CLANG_WARN__DUPLICATE_METHOD_MATCH = YES;
				"CODE_SIGN_IDENTITY[sdk=iphoneos*]" = "iPhone Developer";
				COPY_PHASE_STRIP = YES;
				ENABLE_NS_ASSERTIONS = NO;
				GCC_C_LANGUAGE_STANDARD = gnu99;
				GCC_WARN_64_TO_32_BIT_CONVERSION = YES;
				GCC_WARN_ABOUT_RETURN_TYPE = YES_ERROR;
				GCC_WARN_UNDECLARED_SELECTOR = YES;
				GCC_WARN_UNINITIALIZED_AUTOS = YES;
				GCC_WARN_UNUSED_FUNCTION = YES;
				GCC_WARN_UNUSED_VARIABLE = YES;
				IPHONEOS_DEPLOYMENT_TARGET = 7.0;
				SDKROOT = iphoneos;
				VALIDATE_PRODUCT = YES;
			};
			name = Release;
		};
		25B1CED518BEB11400963590 /* Debug */ = {
			isa = XCBuildConfiguration;
			buildSettings = {
				ASSETCATALOG_COMPILER_APPICON_NAME = AppIcon;
				ASSETCATALOG_COMPILER_LAUNCHIMAGE_NAME = LaunchImage;
				GCC_PRECOMPILE_PREFIX_HEADER = YES;
				GCC_PREFIX_HEADER = "Car Types/Car Types-Prefix.pch";
				INFOPLIST_FILE = "Car Types/Car Types-Info.plist";
				PRODUCT_NAME = "$(TARGET_NAME)";
				WRAPPER_EXTENSION = app;
			};
			name = Debug;
		};
		25B1CED618BEB11400963590 /* Release */ = {
			isa = XCBuildConfiguration;
			buildSettings = {
				ASSETCATALOG_COMPILER_APPICON_NAME = AppIcon;
				ASSETCATALOG_COMPILER_LAUNCHIMAGE_NAME = LaunchImage;
				GCC_PRECOMPILE_PREFIX_HEADER = YES;
				GCC_PREFIX_HEADER = "Car Types/Car Types-Prefix.pch";
				INFOPLIST_FILE = "Car Types/Car Types-Info.plist";
				PRODUCT_NAME = "$(TARGET_NAME)";
				WRAPPER_EXTENSION = app;
			};
			name = Release;
		};
		25B1CED818BEB11400963590 /* Debug */ = {
			isa = XCBuildConfiguration;
			buildSettings = {
				ARCHS = "$(ARCHS_STANDARD_INCLUDING_64_BIT)";
				BUNDLE_LOADER = "$(BUILT_PRODUCTS_DIR)/Car Types.app/Car Types";
				FRAMEWORK_SEARCH_PATHS = (
					"$(SDKROOT)/Developer/Library/Frameworks",
					"$(inherited)",
					"$(DEVELOPER_FRAMEWORKS_DIR)",
				);
				GCC_PRECOMPILE_PREFIX_HEADER = YES;
				GCC_PREFIX_HEADER = "Car Types/Car Types-Prefix.pch";
				GCC_PREPROCESSOR_DEFINITIONS = (
					"DEBUG=1",
					"$(inherited)",
				);
				INFOPLIST_FILE = "Car TypesTests/Car TypesTests-Info.plist";
				PRODUCT_NAME = "$(TARGET_NAME)";
				TEST_HOST = "$(BUNDLE_LOADER)";
				WRAPPER_EXTENSION = xctest;
			};
			name = Debug;
		};
		25B1CED918BEB11400963590 /* Release */ = {
			isa = XCBuildConfiguration;
			buildSettings = {
				ARCHS = "$(ARCHS_STANDARD_INCLUDING_64_BIT)";
				BUNDLE_LOADER = "$(BUILT_PRODUCTS_DIR)/Car Types.app/Car Types";
				FRAMEWORK_SEARCH_PATHS = (
					"$(SDKROOT)/Developer/Library/Frameworks",
					"$(inherited)",
					"$(DEVELOPER_FRAMEWORKS_DIR)",
				);
				GCC_PRECOMPILE_PREFIX_HEADER = YES;
				GCC_PREFIX_HEADER = "Car Types/Car Types-Prefix.pch";
				INFOPLIST_FILE = "Car TypesTests/Car TypesTests-Info.plist";
				PRODUCT_NAME = "$(TARGET_NAME)";
				TEST_HOST = "$(BUNDLE_LOADER)";
				WRAPPER_EXTENSION = xctest;
			};
			name = Release;
		};
/* End XCBuildConfiguration section */

/* Begin XCConfigurationList section */
		25B1CE9D18BEB11400963590 /* Build configuration list for PBXProject "Car Types" */ = {
			isa = XCConfigurationList;
			buildConfigurations = (
				25B1CED218BEB11400963590 /* Debug */,
				25B1CED318BEB11400963590 /* Release */,
			);
			defaultConfigurationIsVisible = 0;
			defaultConfigurationName = Release;
		};
		25B1CED418BEB11400963590 /* Build configuration list for PBXNativeTarget "Car Types" */ = {
			isa = XCConfigurationList;
			buildConfigurations = (
				25B1CED518BEB11400963590 /* Debug */,
				25B1CED618BEB11400963590 /* Release */,
			);
			defaultConfigurationIsVisible = 0;
		};
		25B1CED718BEB11400963590 /* Build configuration list for PBXNativeTarget "Car TypesTests" */ = {
			isa = XCConfigurationList;
			buildConfigurations = (
				25B1CED818BEB11400963590 /* Debug */,
				25B1CED918BEB11400963590 /* Release */,
			);
			defaultConfigurationIsVisible = 0;
		};
/* End XCConfigurationList section */
	};
	rootObject = 25B1CE9A18BEB11400963590 /* Project object */;
}
